// !$*UTF8*$!
{
	archiveVersion = 1;
	classes = {
	};
	objectVersion = 55;
	objects = {

/* Begin PBXBuildFile section */
		962377FE27F4ECD8002D718F /* StatusItem.swift in Sources */ = {isa = PBXBuildFile; fileRef = 962377FD27F4ECD8002D718F /* StatusItem.swift */; };
		965A05CB29C5212400559377 /* AudioDevice.swift in Sources */ = {isa = PBXBuildFile; fileRef = 965A05CA29C5212400559377 /* AudioDevice.swift */; };
		965A05CD29C5214000559377 /* AudioObject.swift in Sources */ = {isa = PBXBuildFile; fileRef = 965A05CC29C5214000559377 /* AudioObject.swift */; };
		965A05CF29C5224000559377 /* AudioSystemObject.swift in Sources */ = {isa = PBXBuildFile; fileRef = 965A05CE29C5224000559377 /* AudioSystemObject.swift */; };
		965A05D129C522C000559377 /* AudioObjectProperty.swift in Sources */ = {isa = PBXBuildFile; fileRef = 965A05D029C522C000559377 /* AudioObjectProperty.swift */; };
		965A05D329C524F100559377 /* AudioBufferListWrapper.swift in Sources */ = {isa = PBXBuildFile; fileRef = 965A05D229C524F100559377 /* AudioBufferListWrapper.swift */; };
		96B8901227F4E78D00C39B4A /* AboutWindow.swift in Sources */ = {isa = PBXBuildFile; fileRef = 96B8901127F4E78D00C39B4A /* AboutWindow.swift */; };
		96C2A1E227C5632D00768B18 /* AppDelegate.swift in Sources */ = {isa = PBXBuildFile; fileRef = 96C2A1E127C5632D00768B18 /* AppDelegate.swift */; };
		96C2A1E627C5632E00768B18 /* Assets.xcassets in Resources */ = {isa = PBXBuildFile; fileRef = 96C2A1E527C5632E00768B18 /* Assets.xcassets */; };
		96C2A1F527C567C300768B18 /* BlinkStick.swift in Sources */ = {isa = PBXBuildFile; fileRef = 96C2A1F327C567C300768B18 /* BlinkStick.swift */; };
		96D07DC629D7974B009C2C23 /* AudioInput.swift in Sources */ = {isa = PBXBuildFile; fileRef = 96D07DC529D7974B009C2C23 /* AudioInput.swift */; };
		96D5B44827C57CE300C4FFCA /* Debouncer.swift in Sources */ = {isa = PBXBuildFile; fileRef = 96D5B44727C57CE300C4FFCA /* Debouncer.swift */; };
		96DC603527F0F7D000A5FE00 /* Main.storyboard in Resources */ = {isa = PBXBuildFile; fileRef = 96DC603427F0F7D000A5FE00 /* Main.storyboard */; };
/* End PBXBuildFile section */

/* Begin PBXFileReference section */
		961F0D2F286F9F8400D35EB3 /* Default.xcconfig */ = {isa = PBXFileReference; lastKnownFileType = text.xcconfig; path = Default.xcconfig; sourceTree = "<group>"; };
		962377FD27F4ECD8002D718F /* StatusItem.swift */ = {isa = PBXFileReference; lastKnownFileType = sourcecode.swift; path = StatusItem.swift; sourceTree = "<group>"; };
		965A05CA29C5212400559377 /* AudioDevice.swift */ = {isa = PBXFileReference; lastKnownFileType = sourcecode.swift; path = AudioDevice.swift; sourceTree = "<group>"; };
		965A05CC29C5214000559377 /* AudioObject.swift */ = {isa = PBXFileReference; lastKnownFileType = sourcecode.swift; path = AudioObject.swift; sourceTree = "<group>"; };
		965A05CE29C5224000559377 /* AudioSystemObject.swift */ = {isa = PBXFileReference; lastKnownFileType = sourcecode.swift; path = AudioSystemObject.swift; sourceTree = "<group>"; };
		965A05D029C522C000559377 /* AudioObjectProperty.swift */ = {isa = PBXFileReference; fileEncoding = 4; lastKnownFileType = sourcecode.swift; path = AudioObjectProperty.swift; sourceTree = "<group>"; };
		965A05D229C524F100559377 /* AudioBufferListWrapper.swift */ = {isa = PBXFileReference; fileEncoding = 4; lastKnownFileType = sourcecode.swift; path = AudioBufferListWrapper.swift; sourceTree = "<group>"; };
		96A53DDC27C572B9002DA809 /* Info.plist */ = {isa = PBXFileReference; lastKnownFileType = text.plist.xml; path = Info.plist; sourceTree = "<group>"; };
		96B8901127F4E78D00C39B4A /* AboutWindow.swift */ = {isa = PBXFileReference; lastKnownFileType = sourcecode.swift; path = AboutWindow.swift; sourceTree = "<group>"; };
		96B9AA4828774C1A00175C2A /* LICENSE */ = {isa = PBXFileReference; lastKnownFileType = text; path = LICENSE; sourceTree = "<group>"; };
		96B9AA4928774C1A00175C2A /* README.md */ = {isa = PBXFileReference; lastKnownFileType = net.daringfireball.markdown; path = README.md; sourceTree = "<group>"; };
		96B9AA4B28774C3800175C2A /* xcode-build */ = {isa = PBXFileReference; lastKnownFileType = text; path = "xcode-build"; sourceTree = "<group>"; };
		96B9AA4C28774C3800175C2A /* generate-release-config */ = {isa = PBXFileReference; lastKnownFileType = text; path = "generate-release-config"; sourceTree = "<group>"; };
		96C2A1DE27C5632D00768B18 /* BeezyLight.app */ = {isa = PBXFileReference; explicitFileType = wrapper.application; includeInIndex = 0; path = BeezyLight.app; sourceTree = BUILT_PRODUCTS_DIR; };
		96C2A1E127C5632D00768B18 /* AppDelegate.swift */ = {isa = PBXFileReference; lastKnownFileType = sourcecode.swift; path = AppDelegate.swift; sourceTree = "<group>"; };
		96C2A1E527C5632E00768B18 /* Assets.xcassets */ = {isa = PBXFileReference; lastKnownFileType = folder.assetcatalog; path = Assets.xcassets; sourceTree = "<group>"; };
		96C2A1EA27C5632E00768B18 /* BeezyLight.entitlements */ = {isa = PBXFileReference; lastKnownFileType = text.plist.entitlements; path = BeezyLight.entitlements; sourceTree = "<group>"; };
		96C2A1F327C567C300768B18 /* BlinkStick.swift */ = {isa = PBXFileReference; lastKnownFileType = sourcecode.swift; path = BlinkStick.swift; sourceTree = "<group>"; };
		96D07DC529D7974B009C2C23 /* AudioInput.swift */ = {isa = PBXFileReference; lastKnownFileType = sourcecode.swift; path = AudioInput.swift; sourceTree = "<group>"; };
		96D5B44727C57CE300C4FFCA /* Debouncer.swift */ = {isa = PBXFileReference; lastKnownFileType = sourcecode.swift; path = Debouncer.swift; sourceTree = "<group>"; };
		96DC603427F0F7D000A5FE00 /* Main.storyboard */ = {isa = PBXFileReference; lastKnownFileType = file.storyboard; path = Main.storyboard; sourceTree = "<group>"; };
/* End PBXFileReference section */

/* Begin PBXFrameworksBuildPhase section */
		96C2A1DB27C5632D00768B18 /* Frameworks */ = {
			isa = PBXFrameworksBuildPhase;
			buildActionMask = 2147483647;
			files = (
			);
			runOnlyForDeploymentPostprocessing = 0;
		};
/* End PBXFrameworksBuildPhase section */

/* Begin PBXGroup section */
		965A05C929C520F700559377 /* SFBAudioEngine */ = {
			isa = PBXGroup;
			children = (
				965A05D029C522C000559377 /* AudioObjectProperty.swift */,
				965A05D229C524F100559377 /* AudioBufferListWrapper.swift */,
				965A05CA29C5212400559377 /* AudioDevice.swift */,
				965A05CC29C5214000559377 /* AudioObject.swift */,
				965A05CE29C5224000559377 /* AudioSystemObject.swift */,
			);
			path = SFBAudioEngine;
			sourceTree = "<group>";
		};
		96B9AA4428774A2100175C2A /* Sources */ = {
			isa = PBXGroup;
			children = (
				965A05C929C520F700559377 /* SFBAudioEngine */,
				96DC603427F0F7D000A5FE00 /* Main.storyboard */,
				96C2A1E127C5632D00768B18 /* AppDelegate.swift */,
				962377FD27F4ECD8002D718F /* StatusItem.swift */,
				96B8901127F4E78D00C39B4A /* AboutWindow.swift */,
				96C2A1F327C567C300768B18 /* BlinkStick.swift */,
				96D5B44727C57CE300C4FFCA /* Debouncer.swift */,
				96D07DC529D7974B009C2C23 /* AudioInput.swift */,
			);
			path = Sources;
			sourceTree = "<group>";
		};
		96B9AA4528774AE200175C2A /* Config */ = {
			isa = PBXGroup;
			children = (
				96C2A1EA27C5632E00768B18 /* BeezyLight.entitlements */,
				96A53DDC27C572B9002DA809 /* Info.plist */,
				961F0D2F286F9F8400D35EB3 /* Default.xcconfig */,
			);
			path = Config;
			sourceTree = "<group>";
		};
		96B9AA4A28774C3800175C2A /* Scripts */ = {
			isa = PBXGroup;
			children = (
				96B9AA4B28774C3800175C2A /* xcode-build */,
				96B9AA4C28774C3800175C2A /* generate-release-config */,
			);
			path = Scripts;
			sourceTree = "<group>";
		};
		96B9AA4D28774C5F00175C2A /* Assets */ = {
			isa = PBXGroup;
			children = (
				96C2A1E527C5632E00768B18 /* Assets.xcassets */,
			);
			path = Assets;
			sourceTree = "<group>";
		};
		96C2A1D527C5632D00768B18 = {
			isa = PBXGroup;
			children = (
				96B9AA4D28774C5F00175C2A /* Assets */,
				96B9AA4528774AE200175C2A /* Config */,
				96B9AA4A28774C3800175C2A /* Scripts */,
				96B9AA4428774A2100175C2A /* Sources */,
				96B9AA4828774C1A00175C2A /* LICENSE */,
				96B9AA4928774C1A00175C2A /* README.md */,
				96C2A1DF27C5632D00768B18 /* Products */,
			);
			sourceTree = "<group>";
		};
		96C2A1DF27C5632D00768B18 /* Products */ = {
			isa = PBXGroup;
			children = (
				96C2A1DE27C5632D00768B18 /* BeezyLight.app */,
			);
			name = Products;
			sourceTree = "<group>";
		};
/* End PBXGroup section */

/* Begin PBXNativeTarget section */
		96C2A1DD27C5632D00768B18 /* BeezyLight */ = {
			isa = PBXNativeTarget;
			buildConfigurationList = 96C2A1ED27C5632E00768B18 /* Build configuration list for PBXNativeTarget "BeezyLight" */;
			buildPhases = (
				96C2A1DA27C5632D00768B18 /* Sources */,
				96C2A1DB27C5632D00768B18 /* Frameworks */,
				96C2A1DC27C5632D00768B18 /* Resources */,
			);
			buildRules = (
			);
			dependencies = (
			);
			name = BeezyLight;
			packageProductDependencies = (
			);
			productName = BeezyLight;
			productReference = 96C2A1DE27C5632D00768B18 /* BeezyLight.app */;
			productType = "com.apple.product-type.application";
		};
/* End PBXNativeTarget section */

/* Begin PBXProject section */
		96C2A1D627C5632D00768B18 /* Project object */ = {
			isa = PBXProject;
			attributes = {
				BuildIndependentTargetsInParallel = 1;
				LastSwiftUpdateCheck = 1320;
				LastUpgradeCheck = 1430;
				TargetAttributes = {
					96C2A1DD27C5632D00768B18 = {
						CreatedOnToolsVersion = 13.2.1;
					};
				};
			};
			buildConfigurationList = 96C2A1D927C5632D00768B18 /* Build configuration list for PBXProject "BeezyLight" */;
			compatibilityVersion = "Xcode 13.0";
			developmentRegion = en;
			hasScannedForEncodings = 0;
			knownRegions = (
				en,
				Base,
			);
			mainGroup = 96C2A1D527C5632D00768B18;
			packageReferences = (
			);
			productRefGroup = 96C2A1DF27C5632D00768B18 /* Products */;
			projectDirPath = "";
			projectRoot = "";
			targets = (
				96C2A1DD27C5632D00768B18 /* BeezyLight */,
			);
		};
/* End PBXProject section */

/* Begin PBXResourcesBuildPhase section */
		96C2A1DC27C5632D00768B18 /* Resources */ = {
			isa = PBXResourcesBuildPhase;
			buildActionMask = 2147483647;
			files = (
				96DC603527F0F7D000A5FE00 /* Main.storyboard in Resources */,
				96C2A1E627C5632E00768B18 /* Assets.xcassets in Resources */,
			);
			runOnlyForDeploymentPostprocessing = 0;
		};
/* End PBXResourcesBuildPhase section */

/* Begin PBXSourcesBuildPhase section */
		96C2A1DA27C5632D00768B18 /* Sources */ = {
			isa = PBXSourcesBuildPhase;
			buildActionMask = 2147483647;
			files = (
				965A05CF29C5224000559377 /* AudioSystemObject.swift in Sources */,
				96C2A1F527C567C300768B18 /* BlinkStick.swift in Sources */,
				96C2A1E227C5632D00768B18 /* AppDelegate.swift in Sources */,
				965A05CB29C5212400559377 /* AudioDevice.swift in Sources */,
				965A05CD29C5214000559377 /* AudioObject.swift in Sources */,
				962377FE27F4ECD8002D718F /* StatusItem.swift in Sources */,
				96D5B44827C57CE300C4FFCA /* Debouncer.swift in Sources */,
				965A05D129C522C000559377 /* AudioObjectProperty.swift in Sources */,
				965A05D329C524F100559377 /* AudioBufferListWrapper.swift in Sources */,
				96D07DC629D7974B009C2C23 /* AudioInput.swift in Sources */,
				96B8901227F4E78D00C39B4A /* AboutWindow.swift in Sources */,
			);
			runOnlyForDeploymentPostprocessing = 0;
		};
/* End PBXSourcesBuildPhase section */

/* Begin XCBuildConfiguration section */
		96C2A1EB27C5632E00768B18 /* Debug */ = {
			isa = XCBuildConfiguration;
			buildSettings = {
				ALWAYS_SEARCH_USER_PATHS = NO;
				CLANG_ANALYZER_NONNULL = YES;
				CLANG_ANALYZER_NUMBER_OBJECT_CONVERSION = YES_AGGRESSIVE;
				CLANG_CXX_LANGUAGE_STANDARD = "gnu++17";
				CLANG_CXX_LIBRARY = "libc++";
				CLANG_ENABLE_MODULES = YES;
				CLANG_ENABLE_OBJC_ARC = YES;
				CLANG_ENABLE_OBJC_WEAK = YES;
				CLANG_WARN_BLOCK_CAPTURE_AUTORELEASING = YES;
				CLANG_WARN_BOOL_CONVERSION = YES;
				CLANG_WARN_COMMA = YES;
				CLANG_WARN_CONSTANT_CONVERSION = YES;
				CLANG_WARN_DEPRECATED_OBJC_IMPLEMENTATIONS = YES;
				CLANG_WARN_DIRECT_OBJC_ISA_USAGE = YES_ERROR;
				CLANG_WARN_DOCUMENTATION_COMMENTS = YES;
				CLANG_WARN_EMPTY_BODY = YES;
				CLANG_WARN_ENUM_CONVERSION = YES;
				CLANG_WARN_INFINITE_RECURSION = YES;
				CLANG_WARN_INT_CONVERSION = YES;
				CLANG_WARN_NON_LITERAL_NULL_CONVERSION = YES;
				CLANG_WARN_OBJC_IMPLICIT_RETAIN_SELF = YES;
				CLANG_WARN_OBJC_LITERAL_CONVERSION = YES;
				CLANG_WARN_OBJC_ROOT_CLASS = YES_ERROR;
				CLANG_WARN_QUOTED_INCLUDE_IN_FRAMEWORK_HEADER = YES;
				CLANG_WARN_RANGE_LOOP_ANALYSIS = YES;
				CLANG_WARN_STRICT_PROTOTYPES = YES;
				CLANG_WARN_SUSPICIOUS_MOVE = YES;
				CLANG_WARN_UNGUARDED_AVAILABILITY = YES_AGGRESSIVE;
				CLANG_WARN_UNREACHABLE_CODE = YES;
				CLANG_WARN__DUPLICATE_METHOD_MATCH = YES;
				COPY_PHASE_STRIP = NO;
				DEAD_CODE_STRIPPING = YES;
				DEBUG_INFORMATION_FORMAT = dwarf;
				ENABLE_STRICT_OBJC_MSGSEND = YES;
				ENABLE_TESTABILITY = YES;
				GCC_C_LANGUAGE_STANDARD = gnu11;
				GCC_DYNAMIC_NO_PIC = NO;
				GCC_NO_COMMON_BLOCKS = YES;
				GCC_OPTIMIZATION_LEVEL = 0;
				GCC_PREPROCESSOR_DEFINITIONS = (
					"DEBUG=1",
					"$(inherited)",
				);
				GCC_WARN_64_TO_32_BIT_CONVERSION = YES;
				GCC_WARN_ABOUT_RETURN_TYPE = YES_ERROR;
				GCC_WARN_UNDECLARED_SELECTOR = YES;
				GCC_WARN_UNINITIALIZED_AUTOS = YES_AGGRESSIVE;
				GCC_WARN_UNUSED_FUNCTION = YES;
				GCC_WARN_UNUSED_VARIABLE = YES;
				MACOSX_DEPLOYMENT_TARGET = 12.0;
				MTL_ENABLE_DEBUG_INFO = INCLUDE_SOURCE;
				MTL_FAST_MATH = YES;
				ONLY_ACTIVE_ARCH = YES;
				SDKROOT = macosx;
				SWIFT_ACTIVE_COMPILATION_CONDITIONS = DEBUG;
				SWIFT_OPTIMIZATION_LEVEL = "-Onone";
			};
			name = Debug;
		};
		96C2A1EC27C5632E00768B18 /* Release */ = {
			isa = XCBuildConfiguration;
			buildSettings = {
				ALWAYS_SEARCH_USER_PATHS = NO;
				CLANG_ANALYZER_NONNULL = YES;
				CLANG_ANALYZER_NUMBER_OBJECT_CONVERSION = YES_AGGRESSIVE;
				CLANG_CXX_LANGUAGE_STANDARD = "gnu++17";
				CLANG_CXX_LIBRARY = "libc++";
				CLANG_ENABLE_MODULES = YES;
				CLANG_ENABLE_OBJC_ARC = YES;
				CLANG_ENABLE_OBJC_WEAK = YES;
				CLANG_WARN_BLOCK_CAPTURE_AUTORELEASING = YES;
				CLANG_WARN_BOOL_CONVERSION = YES;
				CLANG_WARN_COMMA = YES;
				CLANG_WARN_CONSTANT_CONVERSION = YES;
				CLANG_WARN_DEPRECATED_OBJC_IMPLEMENTATIONS = YES;
				CLANG_WARN_DIRECT_OBJC_ISA_USAGE = YES_ERROR;
				CLANG_WARN_DOCUMENTATION_COMMENTS = YES;
				CLANG_WARN_EMPTY_BODY = YES;
				CLANG_WARN_ENUM_CONVERSION = YES;
				CLANG_WARN_INFINITE_RECURSION = YES;
				CLANG_WARN_INT_CONVERSION = YES;
				CLANG_WARN_NON_LITERAL_NULL_CONVERSION = YES;
				CLANG_WARN_OBJC_IMPLICIT_RETAIN_SELF = YES;
				CLANG_WARN_OBJC_LITERAL_CONVERSION = YES;
				CLANG_WARN_OBJC_ROOT_CLASS = YES_ERROR;
				CLANG_WARN_QUOTED_INCLUDE_IN_FRAMEWORK_HEADER = YES;
				CLANG_WARN_RANGE_LOOP_ANALYSIS = YES;
				CLANG_WARN_STRICT_PROTOTYPES = YES;
				CLANG_WARN_SUSPICIOUS_MOVE = YES;
				CLANG_WARN_UNGUARDED_AVAILABILITY = YES_AGGRESSIVE;
				CLANG_WARN_UNREACHABLE_CODE = YES;
				CLANG_WARN__DUPLICATE_METHOD_MATCH = YES;
				COPY_PHASE_STRIP = NO;
				DEAD_CODE_STRIPPING = YES;
				DEBUG_INFORMATION_FORMAT = "dwarf-with-dsym";
				ENABLE_NS_ASSERTIONS = NO;
				ENABLE_STRICT_OBJC_MSGSEND = YES;
				GCC_C_LANGUAGE_STANDARD = gnu11;
				GCC_NO_COMMON_BLOCKS = YES;
				GCC_WARN_64_TO_32_BIT_CONVERSION = YES;
				GCC_WARN_ABOUT_RETURN_TYPE = YES_ERROR;
				GCC_WARN_UNDECLARED_SELECTOR = YES;
				GCC_WARN_UNINITIALIZED_AUTOS = YES_AGGRESSIVE;
				GCC_WARN_UNUSED_FUNCTION = YES;
				GCC_WARN_UNUSED_VARIABLE = YES;
				MACOSX_DEPLOYMENT_TARGET = 12.0;
				MTL_ENABLE_DEBUG_INFO = NO;
				MTL_FAST_MATH = YES;
				SDKROOT = macosx;
				SWIFT_COMPILATION_MODE = wholemodule;
				SWIFT_OPTIMIZATION_LEVEL = "-O";
			};
			name = Release;
		};
		96C2A1EE27C5632E00768B18 /* Debug */ = {
			isa = XCBuildConfiguration;
			baseConfigurationReference = 961F0D2F286F9F8400D35EB3 /* Default.xcconfig */;
			buildSettings = {
				ASSETCATALOG_COMPILER_APPICON_NAME = AppIcon;
				ASSETCATALOG_COMPILER_GLOBAL_ACCENT_COLOR_NAME = AccentColor;
				CODE_SIGN_ENTITLEMENTS = Config/BeezyLight.entitlements;
				COMBINE_HIDPI_IMAGES = YES;
				DEAD_CODE_STRIPPING = YES;
				ENABLE_APP_SANDBOX = YES;
				ENABLE_HARDENED_RUNTIME = YES;
				GENERATE_INFOPLIST_FILE = YES;
				INFOPLIST_FILE = Config/Info.plist;
				INFOPLIST_KEY_LSApplicationCategoryType = "public.app-category.utilities";
				INFOPLIST_KEY_NSHumanReadableCopyright = "Copyright © 2020 Leonardo Dino\nAll rights reserved.";
				INFOPLIST_KEY_NSMainStoryboardFile = Main;
				INFOPLIST_KEY_NSPrincipalClass = NSApplication;
				LD_RUNPATH_SEARCH_PATHS = (
					"$(inherited)",
					"@executable_path/../Frameworks",
				);
				PRODUCT_NAME = "$(TARGET_NAME)";
				SWIFT_EMIT_LOC_STRINGS = YES;
				SWIFT_VERSION = 5.0;
			};
			name = Debug;
		};
		96C2A1EF27C5632E00768B18 /* Release */ = {
			isa = XCBuildConfiguration;
			baseConfigurationReference = 961F0D2F286F9F8400D35EB3 /* Default.xcconfig */;
			buildSettings = {
				ASSETCATALOG_COMPILER_APPICON_NAME = AppIcon;
				ASSETCATALOG_COMPILER_GLOBAL_ACCENT_COLOR_NAME = AccentColor;
				CODE_SIGN_ENTITLEMENTS = Config/BeezyLight.entitlements;
				COMBINE_HIDPI_IMAGES = YES;
				DEAD_CODE_STRIPPING = YES;
				ENABLE_APP_SANDBOX = YES;
				ENABLE_HARDENED_RUNTIME = YES;
				GENERATE_INFOPLIST_FILE = YES;
				INFOPLIST_FILE = Config/Info.plist;
				INFOPLIST_KEY_LSApplicationCategoryType = "public.app-category.utilities";
				INFOPLIST_KEY_NSHumanReadableCopyright = "Copyright © 2020 Leonardo Dino\nAll rights reserved.";
				INFOPLIST_KEY_NSMainStoryboardFile = Main;
				INFOPLIST_KEY_NSPrincipalClass = NSApplication;
				LD_RUNPATH_SEARCH_PATHS = (
					"$(inherited)",
					"@executable_path/../Frameworks",
				);
				PRODUCT_NAME = "$(TARGET_NAME)";
				SWIFT_EMIT_LOC_STRINGS = YES;
				SWIFT_VERSION = 5.0;
			};
			name = Release;
		};
/* End XCBuildConfiguration section */

/* Begin XCConfigurationList section */
		96C2A1D927C5632D00768B18 /* Build configuration list for PBXProject "BeezyLight" */ = {
			isa = XCConfigurationList;
			buildConfigurations = (
				96C2A1EB27C5632E00768B18 /* Debug */,
				96C2A1EC27C5632E00768B18 /* Release */,
			);
			defaultConfigurationIsVisible = 0;
			defaultConfigurationName = Release;
		};
		96C2A1ED27C5632E00768B18 /* Build configuration list for PBXNativeTarget "BeezyLight" */ = {
			isa = XCConfigurationList;
			buildConfigurations = (
				96C2A1EE27C5632E00768B18 /* Debug */,
				96C2A1EF27C5632E00768B18 /* Release */,
			);
			defaultConfigurationIsVisible = 0;
			defaultConfigurationName = Release;
		};
/* End XCConfigurationList section */
	};
	rootObject = 96C2A1D627C5632D00768B18 /* Project object */;
}
